<?xml version="1.0" encoding="utf-8"?>
<Project ToolsVersion="4.0" xmlns="http://schemas.microsoft.com/developer/msbuild/2003">
  <ItemGroup>
    <Filter Include="ソース ファイル">
      <UniqueIdentifier>{4FC737F1-C7A5-4376-A066-2A32D752A2FF}</UniqueIdentifier>
      <Extensions>cpp;c;cc;cxx;def;odl;idl;hpj;bat;asm;asmx</Extensions>
    </Filter>
    <Filter Include="ヘッダー ファイル">
      <UniqueIdentifier>{93995380-89BD-4b04-88EB-625FBE52EBFB}</UniqueIdentifier>
      <Extensions>h;hh;hpp;hxx;hm;inl;inc;xsd</Extensions>
    </Filter>
    <Filter Include="リソース ファイル">
      <UniqueIdentifier>{67DA6AB6-F800-4c08-8B7A-83BB121AAD01}</UniqueIdentifier>
      <Extensions>rc;ico;cur;bmp;dlg;rc2;rct;bin;rgs;gif;jpg;jpeg;jpe;resx;tiff;tif;png;wav;mfcribbon-ms</Extensions>
    </Filter>
    <Filter Include="Inouz">
      <UniqueIdentifier>{2b6d15ed-fff0-4311-b64d-7e4282a5dd48}</UniqueIdentifier>
    </Filter>
  </ItemGroup>
  <ItemGroup>
    <ClInclude Include="..\..\..\Inouz\agent.hpp">
      <Filter>Inouz</Filter>
    </ClInclude>
    <ClInclude Include="..\..\..\Inouz\iomessage.hpp">
      <Filter>Inouz</Filter>
    </ClInclude>
    <ClInclude Include="..\..\..\Inouz\map.hpp">
      <Filter>Inouz</Filter>
    </ClInclude>
    <ClInclude Include="..\..\..\Inouz\map_interface.hpp">
      <Filter>Inouz</Filter>
    </ClInclude>
    <ClInclude Include="..\..\..\Inouz\msgset.hpp">
      <Filter>Inouz</Filter>
    </ClInclude>
    <ClInclude Include="..\..\..\Inouz\navigate.hpp">
      <Filter>Inouz</Filter>
    </ClInclude>
    <ClInclude Include="..\..\..\Inouz\ranging_interface.hpp">
      <Filter>Inouz</Filter>
    </ClInclude>
    <ClInclude Include="..\..\..\Inouz\utility.hpp">
      <Filter>Inouz</Filter>
    </ClInclude>
    <ClInclude Include="..\..\..\Inouz\locomotor.hpp">
      <Filter>Inouz</Filter>
    </ClInclude>
    <ClInclude Include="..\..\..\Inouz\locomotor_interface.hpp">
      <Filter>Inouz</Filter>
    </ClInclude>
  </ItemGroup>
</Project>